{
    "_readme": [
        "This file locks the dependencies of your project to a known state",
        "Read more about it at http://getcomposer.org/doc/01-basic-usage.md#composer-lock-the-lock-file",
        "This file is @generated automatically"
    ],
    "hash": "0996145bc2683611b9b530f829f667e7",
    "packages": [
        {
            "name": "gabordemooij/redbean",
            "version": "v3.5.1",
            "source": {
                "type": "git",
                "url": "https://github.com/gabordemooij/redbean.git",
                "reference": "41bb293e2bc744c150e4ae30e30fb5083e047f53"
            },
            "dist": {
                "type": "zip",
                "url": "https://api.github.com/repos/gabordemooij/redbean/zipball/41bb293e2bc744c150e4ae30e30fb5083e047f53",
                "reference": "41bb293e2bc744c150e4ae30e30fb5083e047f53",
                "shasum": ""
            },
            "require": {
                "php": ">=5.2.0"
            },
            "type": "library",
            "autoload": {
                "psr-0": {
                    "RedBean_": ""
                }
            },
            "notification-url": "https://packagist.org/downloads/",
            "license": [
                "BSD"
            ],
            "authors": [
                {
                    "name": "Gabor de Mooij",
                    "email": "gabordemooij@gmail.com",
                    "homepage": "http://www.redbeanphp.com",
                    "role": "Developer"
                }
            ],
            "description": "Easy ORM for PHP",
            "homepage": "http://github.com/gabordemooij/redbean",
            "keywords": [
                "Object Relational Mapping",
                "orm"
            ],
            "time": "2013-10-30 22:13:02"
        },
        {
            "name": "mustangostang/spyc",
            "version": "0.5.1",
            "source": {
                "type": "git",
                "url": "https://github.com/mustangostang/spyc.git",
                "reference": "dc4785b4d7227fd9905e086d499fb8abfadf9977"
            },
            "dist": {
                "type": "zip",
                "url": "https://api.github.com/repos/mustangostang/spyc/zipball/dc4785b4d7227fd9905e086d499fb8abfadf9977",
                "reference": "dc4785b4d7227fd9905e086d499fb8abfadf9977",
                "shasum": ""
            },
            "require": {
                "php": ">=5.3.1"
            },
            "type": "library",
            "extra": {
                "branch-alias": {
                    "dev-master": "0.5.x-dev"
                }
            },
            "autoload": {
                "files": [
                    "Spyc.php"
                ]
            },
            "notification-url": "https://packagist.org/downloads/",
            "license": [
                "MIT License"
            ],
            "authors": [
                {
                    "name": "mustangostang",
                    "email": "vlad.andersen@gmail.com"
                }
            ],
            "description": "A simple YAML loader/dumper class for PHP",
            "homepage": "https://github.com/mustangostang/spyc/",
            "keywords": [
                "spyc",
                "yaml",
                "yml"
            ],
            "time": "2013-02-21 10:52:01"
        },
        {
            "name": "twig/twig",
            "version": "v1.16.0",
            "source": {
                "type": "git",
                "url": "https://github.com/fabpot/Twig.git",
                "reference": "8ce37115802e257a984a82d38254884085060024"
            },
            "dist": {
                "type": "zip",
                "url": "https://api.github.com/repos/fabpot/Twig/zipball/8ce37115802e257a984a82d38254884085060024",
                "reference": "8ce37115802e257a984a82d38254884085060024",
                "shasum": ""
            },
            "require": {
                "php": ">=5.2.4"
            },
            "type": "library",
            "extra": {
                "branch-alias": {
                    "dev-master": "1.16-dev"
                }
            },
            "autoload": {
                "psr-0": {
                    "Twig_": "lib/"
                }
            },
            "notification-url": "https://packagist.org/downloads/",
            "license": [
                "BSD-3-Clause"
            ],
            "authors": [
                {
                    "name": "Fabien Potencier",
                    "email": "fabien@symfony.com",
                    "homepage": "http://fabien.potencier.org",
                    "role": "Lead Developer"
                },
                {
                    "name": "Armin Ronacher",
                    "email": "armin.ronacher@active-4.com",
                    "role": "Project Founder"
                },
                {
                    "name": "Twig Team",
                    "homepage": "https://github.com/fabpot/Twig/graphs/contributors",
                    "role": "Contributors"
                }
            ],
            "description": "Twig, the flexible, fast, and secure template language for PHP",
            "homepage": "http://twig.sensiolabs.org",
            "keywords": [
                "templating"
            ],
            "time": "2014-07-05 12:19:05"
        }
    ],
    "packages-dev": [

    ],
    "aliases": [

    ],
    "minimum-stability": "beta",
    "stability-flags": [

    ],
    "prefer-stable": false,
    "platform": [

    ],
    "platform-dev": [

    ]
}
